
Microsoft Visual Studio Solution File, Format Version 12.00
# Visual Studio Version 16
VisualStudioVersion = 16.0.31205.134
MinimumVisualStudioVersion = 10.0.40219.1
Project("{F184B08F-C81C-45F6-A57F-5ABD9991F28F}") = "Java IDE", "Java IDE\Java IDE.vbproj", "{4399AD5D-EEB7-4F3D-B0F6-C5EFC5882DF4}"
EndProject
Project("{54435603-DBB4-11D2-8724-00A0C9A8B90C}") = "Installer", "Installer\Installer.vdproj", "{CF5A4C7E-A09E-4A00-9C65-805ECE8A25A1}"
EndProject
Global
	GlobalSection(SolutionConfigurationPlatforms) = preSolution
		Debug|Any CPU = Debug|Any CPU
		Release|Any CPU = Release|Any CPU
	EndGlobalSection
	GlobalSection(ProjectConfigurationPlatforms) = postSolution
		{4399AD5D-EEB7-4F3D-B0F6-C5EFC5882DF4}.Debug|Any CPU.ActiveCfg = Debug|Any CPU
		{4399AD5D-EEB7-4F3D-B0F6-C5EFC5882DF4}.Debug|Any CPU.Build.0 = Debug|Any CPU
		{4399AD5D-EEB7-4F3D-B0F6-C5EFC5882DF4}.Release|Any CPU.ActiveCfg = Release|Any CPU
		{4399AD5D-EEB7-4F3D-B0F6-C5EFC5882DF4}.Release|Any CPU.Build.0 = Release|Any CPU
		{CF5A4C7E-A09E-4A00-9C65-805ECE8A25A1}.Debug|Any CPU.ActiveCfg = Debug
		{CF5A4C7E-A09E-4A00-9C65-805ECE8A25A1}.Release|Any CPU.ActiveCfg = Release
	EndGlobalSection
	GlobalSection(SolutionProperties) = preSolution
		HideSolutionNode = FALSE
	EndGlobalSection
	GlobalSection(ExtensibilityGlobals) = postSolution
		SolutionGuid = {6723050F-1A03-4950-A8F8-6BE5E98210D4}
	EndGlobalSection
EndGlobal
